// !$*UTF8*$!
{
	archiveVersion = 1;
	classes = {
	};
	objectVersion = 50;
	objects = {

/* Begin PBXBuildFile section */
		B460EA8424A83D51008B676D /* AppDelegate.swift in Sources */ = {isa = PBXBuildFile; fileRef = B460EA8324A83D51008B676D /* AppDelegate.swift */; };
		B460EA8624A83D51008B676D /* SceneDelegate.swift in Sources */ = {isa = PBXBuildFile; fileRef = B460EA8524A83D51008B676D /* SceneDelegate.swift */; };
		B460EA8824A83D51008B676D /* ContentView.swift in Sources */ = {isa = PBXBuildFile; fileRef = B460EA8724A83D51008B676D /* ContentView.swift */; };
		B460EA8A24A83D52008B676D /* Assets.xcassets in Resources */ = {isa = PBXBuildFile; fileRef = B460EA8924A83D52008B676D /* Assets.xcassets */; };
		B460EA8D24A83D52008B676D /* Preview Assets.xcassets in Resources */ = {isa = PBXBuildFile; fileRef = B460EA8C24A83D52008B676D /* Preview Assets.xcassets */; };
		B460EA9024A83D52008B676D /* LaunchScreen.storyboard in Resources */ = {isa = PBXBuildFile; fileRef = B460EA8E24A83D52008B676D /* LaunchScreen.storyboard */; };
		B460EA9B24A83D52008B676D /* LandmarksTests.swift in Sources */ = {isa = PBXBuildFile; fileRef = B460EA9A24A83D52008B676D /* LandmarksTests.swift */; };
		B460EAA624A83D52008B676D /* LandmarksUITests.swift in Sources */ = {isa = PBXBuildFile; fileRef = B460EAA524A83D52008B676D /* LandmarksUITests.swift */; };
/* End PBXBuildFile section */

/* Begin PBXContainerItemProxy section */
		B460EA9724A83D52008B676D /* PBXContainerItemProxy */ = {
			isa = PBXContainerItemProxy;
			containerPortal = B460EA7824A83D51008B676D /* Project object */;
			proxyType = 1;
			remoteGlobalIDString = B460EA7F24A83D51008B676D;
			remoteInfo = Landmarks;
		};
		B460EAA224A83D52008B676D /* PBXContainerItemProxy */ = {
			isa = PBXContainerItemProxy;
			containerPortal = B460EA7824A83D51008B676D /* Project object */;
			proxyType = 1;
			remoteGlobalIDString = B460EA7F24A83D51008B676D;
			remoteInfo = Landmarks;
		};
/* End PBXContainerItemProxy section */

/* Begin PBXFileReference section */
		B460EA8024A83D51008B676D /* Landmarks.app */ = {isa = PBXFileReference; explicitFileType = wrapper.application; includeInIndex = 0; path = Landmarks.app; sourceTree = BUILT_PRODUCTS_DIR; };
		B460EA8324A83D51008B676D /* AppDelegate.swift */ = {isa = PBXFileReference; lastKnownFileType = sourcecode.swift; path = AppDelegate.swift; sourceTree = "<group>"; };
		B460EA8524A83D51008B676D /* SceneDelegate.swift */ = {isa = PBXFileReference; lastKnownFileType = sourcecode.swift; path = SceneDelegate.swift; sourceTree = "<group>"; };
		B460EA8724A83D51008B676D /* ContentView.swift */ = {isa = PBXFileReference; lastKnownFileType = sourcecode.swift; path = ContentView.swift; sourceTree = "<group>"; };
		B460EA8924A83D52008B676D /* Assets.xcassets */ = {isa = PBXFileReference; lastKnownFileType = folder.assetcatalog; path = Assets.xcassets; sourceTree = "<group>"; };
		B460EA8C24A83D52008B676D /* Preview Assets.xcassets */ = {isa = PBXFileReference; lastKnownFileType = folder.assetcatalog; path = "Preview Assets.xcassets"; sourceTree = "<group>"; };
		B460EA8F24A83D52008B676D /* Base */ = {isa = PBXFileReference; lastKnownFileType = file.storyboard; name = Base; path = Base.lproj/LaunchScreen.storyboard; sourceTree = "<group>"; };
		B460EA9124A83D52008B676D /* Info.plist */ = {isa = PBXFileReference; lastKnownFileType = text.plist.xml; path = Info.plist; sourceTree = "<group>"; };
		B460EA9624A83D52008B676D /* LandmarksTests.xctest */ = {isa = PBXFileReference; explicitFileType = wrapper.cfbundle; includeInIndex = 0; path = LandmarksTests.xctest; sourceTree = BUILT_PRODUCTS_DIR; };
		B460EA9A24A83D52008B676D /* LandmarksTests.swift */ = {isa = PBXFileReference; lastKnownFileType = sourcecode.swift; path = LandmarksTests.swift; sourceTree = "<group>"; };
		B460EA9C24A83D52008B676D /* Info.plist */ = {isa = PBXFileReference; lastKnownFileType = text.plist.xml; path = Info.plist; sourceTree = "<group>"; };
		B460EAA124A83D52008B676D /* LandmarksUITests.xctest */ = {isa = PBXFileReference; explicitFileType = wrapper.cfbundle; includeInIndex = 0; path = LandmarksUITests.xctest; sourceTree = BUILT_PRODUCTS_DIR; };
		B460EAA524A83D52008B676D /* LandmarksUITests.swift */ = {isa = PBXFileReference; lastKnownFileType = sourcecode.swift; path = LandmarksUITests.swift; sourceTree = "<group>"; };
		B460EAA724A83D52008B676D /* Info.plist */ = {isa = PBXFileReference; lastKnownFileType = text.plist.xml; path = Info.plist; sourceTree = "<group>"; };
/* End PBXFileReference section */

/* Begin PBXFrameworksBuildPhase section */
		B460EA7D24A83D51008B676D /* Frameworks */ = {
			isa = PBXFrameworksBuildPhase;
			buildActionMask = 2147483647;
			files = (
			);
			runOnlyForDeploymentPostprocessing = 0;
		};
		B460EA9324A83D52008B676D /* Frameworks */ = {
			isa = PBXFrameworksBuildPhase;
			buildActionMask = 2147483647;
			files = (
			);
			runOnlyForDeploymentPostprocessing = 0;
		};
		B460EA9E24A83D52008B676D /* Frameworks */ = {
			isa = PBXFrameworksBuildPhase;
			buildActionMask = 2147483647;
			files = (
			);
			runOnlyForDeploymentPostprocessing = 0;
		};
/* End PBXFrameworksBuildPhase section */

/* Begin PBXGroup section */
		B460EA7724A83D51008B676D = {
			isa = PBXGroup;
			children = (
				B460EA8224A83D51008B676D /* Landmarks */,
				B460EA9924A83D52008B676D /* LandmarksTests */,
				B460EAA424A83D52008B676D /* LandmarksUITests */,
				B460EA8124A83D51008B676D /* Products */,
			);
			sourceTree = "<group>";
		};
		B460EA8124A83D51008B676D /* Products */ = {
			isa = PBXGroup;
			children = (
				B460EA8024A83D51008B676D /* Landmarks.app */,
				B460EA9624A83D52008B676D /* LandmarksTests.xctest */,
				B460EAA124A83D52008B676D /* LandmarksUITests.xctest */,
			);
			name = Products;
			sourceTree = "<group>";
		};
		B460EA8224A83D51008B676D /* Landmarks */ = {
			isa = PBXGroup;
			children = (
				B460EA8324A83D51008B676D /* AppDelegate.swift */,
				B460EA8524A83D51008B676D /* SceneDelegate.swift */,
				B460EA8724A83D51008B676D /* ContentView.swift */,
				B460EA8924A83D52008B676D /* Assets.xcassets */,
				B460EA8E24A83D52008B676D /* LaunchScreen.storyboard */,
				B460EA9124A83D52008B676D /* Info.plist */,
				B460EA8B24A83D52008B676D /* Preview Content */,
			);
			path = Landmarks;
			sourceTree = "<group>";
		};
		B460EA8B24A83D52008B676D /* Preview Content */ = {
			isa = PBXGroup;
			children = (
				B460EA8C24A83D52008B676D /* Preview Assets.xcassets */,
			);
			path = "Preview Content";
			sourceTree = "<group>";
		};
		B460EA9924A83D52008B676D /* LandmarksTests */ = {
			isa = PBXGroup;
			children = (
				B460EA9A24A83D52008B676D /* LandmarksTests.swift */,
				B460EA9C24A83D52008B676D /* Info.plist */,
			);
			path = LandmarksTests;
			sourceTree = "<group>";
		};
		B460EAA424A83D52008B676D /* LandmarksUITests */ = {
			isa = PBXGroup;
			children = (
				B460EAA524A83D52008B676D /* LandmarksUITests.swift */,
				B460EAA724A83D52008B676D /* Info.plist */,
			);
			path = LandmarksUITests;
			sourceTree = "<group>";
		};
/* End PBXGroup section */

/* Begin PBXNativeTarget section */
		B460EA7F24A83D51008B676D /* Landmarks */ = {
			isa = PBXNativeTarget;
			buildConfigurationList = B460EAAA24A83D52008B676D /* Build configuration list for PBXNativeTarget "Landmarks" */;
			buildPhases = (
				B460EA7C24A83D51008B676D /* Sources */,
				B460EA7D24A83D51008B676D /* Frameworks */,
				B460EA7E24A83D51008B676D /* Resources */,
			);
			buildRules = (
			);
			dependencies = (
			);
			name = Landmarks;
			productName = Landmarks;
			productReference = B460EA8024A83D51008B676D /* Landmarks.app */;
			productType = "com.apple.product-type.application";
		};
		B460EA9524A83D52008B676D /* LandmarksTests */ = {
			isa = PBXNativeTarget;
			buildConfigurationList = B460EAAD24A83D52008B676D /* Build configuration list for PBXNativeTarget "LandmarksTests" */;
			buildPhases = (
				B460EA9224A83D52008B676D /* Sources */,
				B460EA9324A83D52008B676D /* Frameworks */,
				B460EA9424A83D52008B676D /* Resources */,
			);
			buildRules = (
			);
			dependencies = (
				B460EA9824A83D52008B676D /* PBXTargetDependency */,
			);
			name = LandmarksTests;
			productName = LandmarksTests;
			productReference = B460EA9624A83D52008B676D /* LandmarksTests.xctest */;
			productType = "com.apple.product-type.bundle.unit-test";
		};
		B460EAA024A83D52008B676D /* LandmarksUITests */ = {
			isa = PBXNativeTarget;
			buildConfigurationList = B460EAB024A83D52008B676D /* Build configuration list for PBXNativeTarget "LandmarksUITests" */;
			buildPhases = (
				B460EA9D24A83D52008B676D /* Sources */,
				B460EA9E24A83D52008B676D /* Frameworks */,
				B460EA9F24A83D52008B676D /* Resources */,
			);
			buildRules = (
			);
			dependencies = (
				B460EAA324A83D52008B676D /* PBXTargetDependency */,
			);
			name = LandmarksUITests;
			productName = LandmarksUITests;
			productReference = B460EAA124A83D52008B676D /* LandmarksUITests.xctest */;
			productType = "com.apple.product-type.bundle.ui-testing";
		};
/* End PBXNativeTarget section */

/* Begin PBXProject section */
		B460EA7824A83D51008B676D /* Project object */ = {
			isa = PBXProject;
			attributes = {
				LastSwiftUpdateCheck = 1150;
				LastUpgradeCheck = 1150;
				ORGANIZATIONNAME = "Ramiz Raja";
				TargetAttributes = {
					B460EA7F24A83D51008B676D = {
						CreatedOnToolsVersion = 11.5;
					};
					B460EA9524A83D52008B676D = {
						CreatedOnToolsVersion = 11.5;
						TestTargetID = B460EA7F24A83D51008B676D;
					};
					B460EAA024A83D52008B676D = {
						CreatedOnToolsVersion = 11.5;
						TestTargetID = B460EA7F24A83D51008B676D;
					};
				};
			};
			buildConfigurationList = B460EA7B24A83D51008B676D /* Build configuration list for PBXProject "Landmarks" */;
			compatibilityVersion = "Xcode 9.3";
			developmentRegion = en;
			hasScannedForEncodings = 0;
			knownRegions = (
				en,
				Base,
			);
			mainGroup = B460EA7724A83D51008B676D;
			productRefGroup = B460EA8124A83D51008B676D /* Products */;
			projectDirPath = "";
			projectRoot = "";
			targets = (
				B460EA7F24A83D51008B676D /* Landmarks */,
				B460EA9524A83D52008B676D /* LandmarksTests */,
				B460EAA024A83D52008B676D /* LandmarksUITests */,
			);
		};
/* End PBXProject section */

/* Begin PBXResourcesBuildPhase section */
		B460EA7E24A83D51008B676D /* Resources */ = {
			isa = PBXResourcesBuildPhase;
			buildActionMask = 2147483647;
			files = (
				B460EA9024A83D52008B676D /* LaunchScreen.storyboard in Resources */,
				B460EA8D24A83D52008B676D /* Preview Assets.xcassets in Resources */,
				B460EA8A24A83D52008B676D /* Assets.xcassets in Resources */,
			);
			runOnlyForDeploymentPostprocessing = 0;
		};
		B460EA9424A83D52008B676D /* Resources */ = {
			isa = PBXResourcesBuildPhase;
			buildActionMask = 2147483647;
			files = (
			);
			runOnlyForDeploymentPostprocessing = 0;
		};
		B460EA9F24A83D52008B676D /* Resources */ = {
			isa = PBXResourcesBuildPhase;
			buildActionMask = 2147483647;
			files = (
			);
			runOnlyForDeploymentPostprocessing = 0;
		};
/* End PBXResourcesBuildPhase section */

/* Begin PBXSourcesBuildPhase section */
		B460EA7C24A83D51008B676D /* Sources */ = {
			isa = PBXSourcesBuildPhase;
			buildActionMask = 2147483647;
			files = (
				B460EA8424A83D51008B676D /* AppDelegate.swift in Sources */,
				B460EA8624A83D51008B676D /* SceneDelegate.swift in Sources */,
				B460EA8824A83D51008B676D /* ContentView.swift in Sources */,
			);
			runOnlyForDeploymentPostprocessing = 0;
		};
		B460EA9224A83D52008B676D /* Sources */ = {
			isa = PBXSourcesBuildPhase;
			buildActionMask = 2147483647;
			files = (
				B460EA9B24A83D52008B676D /* LandmarksTests.swift in Sources */,
			);
			runOnlyForDeploymentPostprocessing = 0;
		};
		B460EA9D24A83D52008B676D /* Sources */ = {
			isa = PBXSourcesBuildPhase;
			buildActionMask = 2147483647;
			files = (
				B460EAA624A83D52008B676D /* LandmarksUITests.swift in Sources */,
			);
			runOnlyForDeploymentPostprocessing = 0;
		};
/* End PBXSourcesBuildPhase section */

/* Begin PBXTargetDependency section */
		B460EA9824A83D52008B676D /* PBXTargetDependency */ = {
			isa = PBXTargetDependency;
			target = B460EA7F24A83D51008B676D /* Landmarks */;
			targetProxy = B460EA9724A83D52008B676D /* PBXContainerItemProxy */;
		};
		B460EAA324A83D52008B676D /* PBXTargetDependency */ = {
			isa = PBXTargetDependency;
			target = B460EA7F24A83D51008B676D /* Landmarks */;
			targetProxy = B460EAA224A83D52008B676D /* PBXContainerItemProxy */;
		};
/* End PBXTargetDependency section */

/* Begin PBXVariantGroup section */
		B460EA8E24A83D52008B676D /* LaunchScreen.storyboard */ = {
			isa = PBXVariantGroup;
			children = (
				B460EA8F24A83D52008B676D /* Base */,
			);
			name = LaunchScreen.storyboard;
			sourceTree = "<group>";
		};
/* End PBXVariantGroup section */

/* Begin XCBuildConfiguration section */
		B460EAA824A83D52008B676D /* Debug */ = {
			isa = XCBuildConfiguration;
			buildSettings = {
				ALWAYS_SEARCH_USER_PATHS = NO;
				CLANG_ANALYZER_NONNULL = YES;
				CLANG_ANALYZER_NUMBER_OBJECT_CONVERSION = YES_AGGRESSIVE;
				CLANG_CXX_LANGUAGE_STANDARD = "gnu++14";
				CLANG_CXX_LIBRARY = "libc++";
				CLANG_ENABLE_MODULES = YES;
				CLANG_ENABLE_OBJC_ARC = YES;
				CLANG_ENABLE_OBJC_WEAK = YES;
				CLANG_WARN_BLOCK_CAPTURE_AUTORELEASING = YES;
				CLANG_WARN_BOOL_CONVERSION = YES;
				CLANG_WARN_COMMA = YES;
				CLANG_WARN_CONSTANT_CONVERSION = YES;
				CLANG_WARN_DEPRECATED_OBJC_IMPLEMENTATIONS = YES;
				CLANG_WARN_DIRECT_OBJC_ISA_USAGE = YES_ERROR;
				CLANG_WARN_DOCUMENTATION_COMMENTS = YES;
				CLANG_WARN_EMPTY_BODY = YES;
				CLANG_WARN_ENUM_CONVERSION = YES;
				CLANG_WARN_INFINITE_RECURSION = YES;
				CLANG_WARN_INT_CONVERSION = YES;
				CLANG_WARN_NON_LITERAL_NULL_CONVERSION = YES;
				CLANG_WARN_OBJC_IMPLICIT_RETAIN_SELF = YES;
				CLANG_WARN_OBJC_LITERAL_CONVERSION = YES;
				CLANG_WARN_OBJC_ROOT_CLASS = YES_ERROR;
				CLANG_WARN_RANGE_LOOP_ANALYSIS = YES;
				CLANG_WARN_STRICT_PROTOTYPES = YES;
				CLANG_WARN_SUSPICIOUS_MOVE = YES;
				CLANG_WARN_UNGUARDED_AVAILABILITY = YES_AGGRESSIVE;
				CLANG_WARN_UNREACHABLE_CODE = YES;
				CLANG_WARN__DUPLICATE_METHOD_MATCH = YES;
				COPY_PHASE_STRIP = NO;
				DEBUG_INFORMATION_FORMAT = dwarf;
				ENABLE_STRICT_OBJC_MSGSEND = YES;
				ENABLE_TESTABILITY = YES;
				GCC_C_LANGUAGE_STANDARD = gnu11;
				GCC_DYNAMIC_NO_PIC = NO;
				GCC_NO_COMMON_BLOCKS = YES;
				GCC_OPTIMIZATION_LEVEL = 0;
				GCC_PREPROCESSOR_DEFINITIONS = (
					"DEBUG=1",
					"$(inherited)",
				);
				GCC_WARN_64_TO_32_BIT_CONVERSION = YES;
				GCC_WARN_ABOUT_RETURN_TYPE = YES_ERROR;
				GCC_WARN_UNDECLARED_SELECTOR = YES;
				GCC_WARN_UNINITIALIZED_AUTOS = YES_AGGRESSIVE;
				GCC_WARN_UNUSED_FUNCTION = YES;
				GCC_WARN_UNUSED_VARIABLE = YES;
				IPHONEOS_DEPLOYMENT_TARGET = 13.5;
				MTL_ENABLE_DEBUG_INFO = INCLUDE_SOURCE;
				MTL_FAST_MATH = YES;
				ONLY_ACTIVE_ARCH = YES;
				SDKROOT = iphoneos;
				SWIFT_ACTIVE_COMPILATION_CONDITIONS = DEBUG;
				SWIFT_OPTIMIZATION_LEVEL = "-Onone";
			};
			name = Debug;
		};
		B460EAA924A83D52008B676D /* Release */ = {
			isa = XCBuildConfiguration;
			buildSettings = {
				ALWAYS_SEARCH_USER_PATHS = NO;
				CLANG_ANALYZER_NONNULL = YES;
				CLANG_ANALYZER_NUMBER_OBJECT_CONVERSION = YES_AGGRESSIVE;
				CLANG_CXX_LANGUAGE_STANDARD = "gnu++14";
				CLANG_CXX_LIBRARY = "libc++";
				CLANG_ENABLE_MODULES = YES;
				CLANG_ENABLE_OBJC_ARC = YES;
				CLANG_ENABLE_OBJC_WEAK = YES;
				CLANG_WARN_BLOCK_CAPTURE_AUTORELEASING = YES;
				CLANG_WARN_BOOL_CONVERSION = YES;
				CLANG_WARN_COMMA = YES;
				CLANG_WARN_CONSTANT_CONVERSION = YES;
				CLANG_WARN_DEPRECATED_OBJC_IMPLEMENTATIONS = YES;
				CLANG_WARN_DIRECT_OBJC_ISA_USAGE = YES_ERROR;
				CLANG_WARN_DOCUMENTATION_COMMENTS = YES;
				CLANG_WARN_EMPTY_BODY = YES;
				CLANG_WARN_ENUM_CONVERSION = YES;
				CLANG_WARN_INFINITE_RECURSION = YES;
				CLANG_WARN_INT_CONVERSION = YES;
				CLANG_WARN_NON_LITERAL_NULL_CONVERSION = YES;
				CLANG_WARN_OBJC_IMPLICIT_RETAIN_SELF = YES;
				CLANG_WARN_OBJC_LITERAL_CONVERSION = YES;
				CLANG_WARN_OBJC_ROOT_CLASS = YES_ERROR;
				CLANG_WARN_RANGE_LOOP_ANALYSIS = YES;
				CLANG_WARN_STRICT_PROTOTYPES = YES;
				CLANG_WARN_SUSPICIOUS_MOVE = YES;
				CLANG_WARN_UNGUARDED_AVAILABILITY = YES_AGGRESSIVE;
				CLANG_WARN_UNREACHABLE_CODE = YES;
				CLANG_WARN__DUPLICATE_METHOD_MATCH = YES;
				COPY_PHASE_STRIP = NO;
				DEBUG_INFORMATION_FORMAT = "dwarf-with-dsym";
				ENABLE_NS_ASSERTIONS = NO;
				ENABLE_STRICT_OBJC_MSGSEND = YES;
				GCC_C_LANGUAGE_STANDARD = gnu11;
				GCC_NO_COMMON_BLOCKS = YES;
				GCC_WARN_64_TO_32_BIT_CONVERSION = YES;
				GCC_WARN_ABOUT_RETURN_TYPE = YES_ERROR;
				GCC_WARN_UNDECLARED_SELECTOR = YES;
				GCC_WARN_UNINITIALIZED_AUTOS = YES_AGGRESSIVE;
				GCC_WARN_UNUSED_FUNCTION = YES;
				GCC_WARN_UNUSED_VARIABLE = YES;
				IPHONEOS_DEPLOYMENT_TARGET = 13.5;
				MTL_ENABLE_DEBUG_INFO = NO;
				MTL_FAST_MATH = YES;
				SDKROOT = iphoneos;
				SWIFT_COMPILATION_MODE = wholemodule;
				SWIFT_OPTIMIZATION_LEVEL = "-O";
				VALIDATE_PRODUCT = YES;
			};
			name = Release;
		};
		B460EAAB24A83D52008B676D /* Debug */ = {
			isa = XCBuildConfiguration;
			buildSettings = {
				ASSETCATALOG_COMPILER_APPICON_NAME = AppIcon;
				CODE_SIGN_STYLE = Automatic;
				DEVELOPMENT_ASSET_PATHS = "\"Landmarks/Preview Content\"";
				ENABLE_PREVIEWS = YES;
				INFOPLIST_FILE = Landmarks/Info.plist;
				LD_RUNPATH_SEARCH_PATHS = (
					"$(inherited)",
					"@executable_path/Frameworks",
				);
				PRODUCT_BUNDLE_IDENTIFIER = informramiz.Landmarks;
				PRODUCT_NAME = "$(TARGET_NAME)";
				SWIFT_VERSION = 5.0;
				TARGETED_DEVICE_FAMILY = "1,2";
			};
			name = Debug;
		};
		B460EAAC24A83D52008B676D /* Release */ = {
			isa = XCBuildConfiguration;
			buildSettings = {
				ASSETCATALOG_COMPILER_APPICON_NAME = AppIcon;
				CODE_SIGN_STYLE = Automatic;
				DEVELOPMENT_ASSET_PATHS = "\"Landmarks/Preview Content\"";
				ENABLE_PREVIEWS = YES;
				INFOPLIST_FILE = Landmarks/Info.plist;
				LD_RUNPATH_SEARCH_PATHS = (
					"$(inherited)",
					"@executable_path/Frameworks",
				);
				PRODUCT_BUNDLE_IDENTIFIER = informramiz.Landmarks;
				PRODUCT_NAME = "$(TARGET_NAME)";
				SWIFT_VERSION = 5.0;
				TARGETED_DEVICE_FAMILY = "1,2";
			};
			name = Release;
		};
		B460EAAE24A83D52008B676D /* Debug */ = {
			isa = XCBuildConfiguration;
			buildSettings = {
				ALWAYS_EMBED_SWIFT_STANDARD_LIBRARIES = YES;
				BUNDLE_LOADER = "$(TEST_HOST)";
				CODE_SIGN_STYLE = Automatic;
				INFOPLIST_FILE = LandmarksTests/Info.plist;
				IPHONEOS_DEPLOYMENT_TARGET = 13.5;
				LD_RUNPATH_SEARCH_PATHS = (
					"$(inherited)",
					"@executable_path/Frameworks",
					"@loader_path/Frameworks",
				);
				PRODUCT_BUNDLE_IDENTIFIER = informramiz.LandmarksTests;
				PRODUCT_NAME = "$(TARGET_NAME)";
				SWIFT_VERSION = 5.0;
				TARGETED_DEVICE_FAMILY = "1,2";
				TEST_HOST = "$(BUILT_PRODUCTS_DIR)/Landmarks.app/Landmarks";
			};
			name = Debug;
		};
		B460EAAF24A83D52008B676D /* Release */ = {
			isa = XCBuildConfiguration;
			buildSettings = {
				ALWAYS_EMBED_SWIFT_STANDARD_LIBRARIES = YES;
				BUNDLE_LOADER = "$(TEST_HOST)";
				CODE_SIGN_STYLE = Automatic;
				INFOPLIST_FILE = LandmarksTests/Info.plist;
				IPHONEOS_DEPLOYMENT_TARGET = 13.5;
				LD_RUNPATH_SEARCH_PATHS = (
					"$(inherited)",
					"@executable_path/Frameworks",
					"@loader_path/Frameworks",
				);
				PRODUCT_BUNDLE_IDENTIFIER = informramiz.LandmarksTests;
				PRODUCT_NAME = "$(TARGET_NAME)";
				SWIFT_VERSION = 5.0;
				TARGETED_DEVICE_FAMILY = "1,2";
				TEST_HOST = "$(BUILT_PRODUCTS_DIR)/Landmarks.app/Landmarks";
			};
			name = Release;
		};
		B460EAB124A83D52008B676D /* Debug */ = {
			isa = XCBuildConfiguration;
			buildSettings = {
				ALWAYS_EMBED_SWIFT_STANDARD_LIBRARIES = YES;
				CODE_SIGN_STYLE = Automatic;
				INFOPLIST_FILE = LandmarksUITests/Info.plist;
				LD_RUNPATH_SEARCH_PATHS = (
					"$(inherited)",
					"@executable_path/Frameworks",
					"@loader_path/Frameworks",
				);
				PRODUCT_BUNDLE_IDENTIFIER = informramiz.LandmarksUITests;
				PRODUCT_NAME = "$(TARGET_NAME)";
				SWIFT_VERSION = 5.0;
				TARGETED_DEVICE_FAMILY = "1,2";
				TEST_TARGET_NAME = Landmarks;
			};
			name = Debug;
		};
		B460EAB224A83D52008B676D /* Release */ = {
			isa = XCBuildConfiguration;
			buildSettings = {
				ALWAYS_EMBED_SWIFT_STANDARD_LIBRARIES = YES;
				CODE_SIGN_STYLE = Automatic;
				INFOPLIST_FILE = LandmarksUITests/Info.plist;
				LD_RUNPATH_SEARCH_PATHS = (
					"$(inherited)",
					"@executable_path/Frameworks",
					"@loader_path/Frameworks",
				);
				PRODUCT_BUNDLE_IDENTIFIER = informramiz.LandmarksUITests;
				PRODUCT_NAME = "$(TARGET_NAME)";
				SWIFT_VERSION = 5.0;
				TARGETED_DEVICE_FAMILY = "1,2";
				TEST_TARGET_NAME = Landmarks;
			};
			name = Release;
		};
/* End XCBuildConfiguration section */

/* Begin XCConfigurationList section */
		B460EA7B24A83D51008B676D /* Build configuration list for PBXProject "Landmarks" */ = {
			isa = XCConfigurationList;
			buildConfigurations = (
				B460EAA824A83D52008B676D /* Debug */,
				B460EAA924A83D52008B676D /* Release */,
			);
			defaultConfigurationIsVisible = 0;
			defaultConfigurationName = Release;
		};
		B460EAAA24A83D52008B676D /* Build configuration list for PBXNativeTarget "Landmarks" */ = {
			isa = XCConfigurationList;
			buildConfigurations = (
				B460EAAB24A83D52008B676D /* Debug */,
				B460EAAC24A83D52008B676D /* Release */,
			);
			defaultConfigurationIsVisible = 0;
			defaultConfigurationName = Release;
		};
		B460EAAD24A83D52008B676D /* Build configuration list for PBXNativeTarget "LandmarksTests" */ = {
			isa = XCConfigurationList;
			buildConfigurations = (
				B460EAAE24A83D52008B676D /* Debug */,
				B460EAAF24A83D52008B676D /* Release */,
			);
			defaultConfigurationIsVisible = 0;
			defaultConfigurationName = Release;
		};
		B460EAB024A83D52008B676D /* Build configuration list for PBXNativeTarget "LandmarksUITests" */ = {
			isa = XCConfigurationList;
			buildConfigurations = (
				B460EAB124A83D52008B676D /* Debug */,
				B460EAB224A83D52008B676D /* Release */,
			);
			defaultConfigurationIsVisible = 0;
			defaultConfigurationName = Release;
		};
/* End XCConfigurationList section */
	};
	rootObject = B460EA7824A83D51008B676D /* Project object */;
}
